
Microsoft Visual Studio Solution File, Format Version 12.00
# Visual Studio Version 16
VisualStudioVersion = 16.0.30503.244
MinimumVisualStudioVersion = 10.0.40219.1
Project("{9A19103F-16F7-4668-BE54-9A1E7A4F7556}") = "Milestone1", "Milestone1\Milestone1.csproj", "{361B29E1-12D5-47FE-A38C-478B2E9AB1E6}"
EndProject
Project("{9A19103F-16F7-4668-BE54-9A1E7A4F7556}") = "MinesweeperClassLibrary", "MinesweeperClassLibrary\MinesweeperClassLibrary.csproj", "{0B3AFF12-3523-47CB-BC22-7DADB2A5EEDE}"
EndProject
Project("{FAE04EC0-301F-11D3-BF4B-00C04F79EFBC}") = "MinesweeperGUI", "MinesweeperGUI\MinesweeperGUI.csproj", "{D95D363E-C2C5-4311-9FDC-8068C4171392}"
EndProject
Project("{FAE04EC0-301F-11D3-BF4B-00C04F79EFBC}") = "MinesweeperGUI2", "MinesweeperGUI2\MinesweeperGUI2.csproj", "{3E9C4F95-B486-401E-B751-D5FC0E91B93E}"
EndProject
Global
	GlobalSection(SolutionConfigurationPlatforms) = preSolution
		Debug|Any CPU = Debug|Any CPU
		Release|Any CPU = Release|Any CPU
	EndGlobalSection
	GlobalSection(ProjectConfigurationPlatforms) = postSolution
		{361B29E1-12D5-47FE-A38C-478B2E9AB1E6}.Debug|Any CPU.ActiveCfg = Debug|Any CPU
		{361B29E1-12D5-47FE-A38C-478B2E9AB1E6}.Debug|Any CPU.Build.0 = Debug|Any CPU
		{361B29E1-12D5-47FE-A38C-478B2E9AB1E6}.Release|Any CPU.ActiveCfg = Release|Any CPU
		{361B29E1-12D5-47FE-A38C-478B2E9AB1E6}.Release|Any CPU.Build.0 = Release|Any CPU
		{0B3AFF12-3523-47CB-BC22-7DADB2A5EEDE}.Debug|Any CPU.ActiveCfg = Debug|Any CPU
		{0B3AFF12-3523-47CB-BC22-7DADB2A5EEDE}.Debug|Any CPU.Build.0 = Debug|Any CPU
		{0B3AFF12-3523-47CB-BC22-7DADB2A5EEDE}.Release|Any CPU.ActiveCfg = Release|Any CPU
		{0B3AFF12-3523-47CB-BC22-7DADB2A5EEDE}.Release|Any CPU.Build.0 = Release|Any CPU
		{D95D363E-C2C5-4311-9FDC-8068C4171392}.Debug|Any CPU.ActiveCfg = Debug|Any CPU
		{D95D363E-C2C5-4311-9FDC-8068C4171392}.Debug|Any CPU.Build.0 = Debug|Any CPU
		{D95D363E-C2C5-4311-9FDC-8068C4171392}.Release|Any CPU.ActiveCfg = Release|Any CPU
		{D95D363E-C2C5-4311-9FDC-8068C4171392}.Release|Any CPU.Build.0 = Release|Any CPU
		{3E9C4F95-B486-401E-B751-D5FC0E91B93E}.Debug|Any CPU.ActiveCfg = Debug|Any CPU
		{3E9C4F95-B486-401E-B751-D5FC0E91B93E}.Debug|Any CPU.Build.0 = Debug|Any CPU
		{3E9C4F95-B486-401E-B751-D5FC0E91B93E}.Release|Any CPU.ActiveCfg = Release|Any CPU
		{3E9C4F95-B486-401E-B751-D5FC0E91B93E}.Release|Any CPU.Build.0 = Release|Any CPU
	EndGlobalSection
	GlobalSection(SolutionProperties) = preSolution
		HideSolutionNode = FALSE
	EndGlobalSection
	GlobalSection(ExtensibilityGlobals) = postSolution
		SolutionGuid = {76DE09D9-FF94-41F6-B68D-908FD408E83F}
	EndGlobalSection
EndGlobal
